# This file is autogenerated, do not edit; changes may be undone by the next 'dep ensure'.


[[projects]]
  name = "github.com/goamz/goamz"
  packages = ["aws","s3"]
  revision = "63291cb652bc024bcd52303631afad8f230b8244"

[[projects]]
  name = "github.com/golang/glog"
  packages = ["."]
  revision = "44145f04b68cf362d9c4df2182967c2275eaefed"

[[projects]]
  name = "github.com/gorilla/context"
  packages = ["."]
  revision = "215affda49addc4c8ef7e2534915df2c8c35c6cd"

[[projects]]
  name = "github.com/gorilla/mux"
  packages = ["."]
  revision = "8096f47503459bcc74d1f4c487b7e6e42e5746b5"

[[projects]]
  name = "github.com/quipo/statsd"
  packages = [".","event"]
  revision = "b16c3be8a03e3c39a2d9c669b8f13f8876de61cd"

[[projects]]
  name = "github.com/tylerb/graceful"
  packages = ["."]
  revision = "e6d063d837d9bc2313d0be35bfcdb60d63ce9e45"

[[projects]]
  name = "github.com/unrolled/render"
  packages = ["."]
  revision = "4af7c600639360d65cae54f24fbc3e1366489843"

[[projects]]
  name = "github.com/urfave/negroni"
  packages = ["."]
  revision = "fde5e16d32adc7ad637e9cd9ad21d4ebc6192535"
  version = "v0.2.0"

[[projects]]
  branch = "master"
  name = "github.com/vaughan0/go-ini"
  packages = ["."]
  revision = "a98ad7ee00ec53921f08832bc06ecf7fd600e6a1"

[[projects]]
  name = "golang.org/x/crypto"
  packages = ["ssh","ssh/agent"]
  revision = "c57d4a71915a248dbad846d60825145062b4c18e"

[[projects]]
  name = "golang.org/x/image"
  packages = ["riff","vp8","vp8l","webp","webp/nycbcra"]
  revision = "d5c5125b573bf6c6722d8d9f5a1c799c7d0d1aa1"

[[projects]]
  name = "golang.org/x/net"
  packages = ["netutil"]
  revision = "7dbad50ab5b31073856416cdcfeb2796d682f844"

[solve-meta]
  analyzer-name = "dep"
  analyzer-version = 1
  inputs-digest = "52f9e8cb0f7726604df89eb86a13f4a7b92b822b6c52230117f977f1a289cf4c"
  solver-name = "gps-cdcl"
  solver-version = 1
